
Microsoft Visual Studio Solution File, Format Version 12.00
# Visual Studio 2013
VisualStudioVersion = 12.0.21005.1
MinimumVisualStudioVersion = 10.0.40219.1
Project("{8BC9CEB8-8B4A-11D0-8D11-00A0C91BC942}") = "Lab_01", "Lab_01\Lab_01.vcxproj", "{92DEEDA2-B5AC-4A2D-BB1D-5C1EDAE349A6}"
EndProject
Project("{8BC9CEB8-8B4A-11D0-8D11-00A0C91BC942}") = "Lab_2", "Lab_02\Lab_02.vcxproj", "{21CF9FBA-07EE-4C00-A28F-EF003990BAE1}"
EndProject
Project("{8BC9CEB8-8B4A-11D0-8D11-00A0C91BC942}") = "Lab_3", "Lab_3\Lab_3.vcxproj", "{6AB6AB8F-062F-4514-87F3-8B56C3DBA46F}"
EndProject
Project("{8BC9CEB8-8B4A-11D0-8D11-00A0C91BC942}") = "Lab_4", "Lab_04\Lab_04.vcxproj", "{3250D7B5-A5ED-4B27-AD44-84BC2A5CED6B}"
EndProject
Project("{8BC9CEB8-8B4A-11D0-8D11-00A0C91BC942}") = "Lab_5", "Lab_05\Lab_05.vcxproj", "{C6F44E69-14E9-4A81-94A0-C89D98E11B68}"
EndProject
Project("{8BC9CEB8-8B4A-11D0-8D11-00A0C91BC942}") = "Lab_6", "Lab_6\Lab_6.vcxproj", "{FBEB7E59-3310-4328-B22D-B46D960FD571}"
EndProject
Project("{FAE04EC0-301F-11D3-BF4B-00C04F79EFBC}") = "Lab_6_CSharp", "Lab_6_CSharp\Lab_6_CSharp.csproj", "{1EBFBCA5-620A-46AF-BC6E-DA55739E4023}"
EndProject
Project("{FAE04EC0-301F-11D3-BF4B-00C04F79EFBC}") = "Lab_7", "Lab_7\Lab_7.csproj", "{5C013337-D98B-4378-9A7A-4AFFD437C01C}"
EndProject
Global
	GlobalSection(SolutionConfigurationPlatforms) = preSolution
		Debug|Any CPU = Debug|Any CPU
		Debug|Mixed Platforms = Debug|Mixed Platforms
		Debug|Win32 = Debug|Win32
		Release|Any CPU = Release|Any CPU
		Release|Mixed Platforms = Release|Mixed Platforms
		Release|Win32 = Release|Win32
	EndGlobalSection
	GlobalSection(ProjectConfigurationPlatforms) = postSolution
		{92DEEDA2-B5AC-4A2D-BB1D-5C1EDAE349A6}.Debug|Any CPU.ActiveCfg = Debug|Win32
		{92DEEDA2-B5AC-4A2D-BB1D-5C1EDAE349A6}.Debug|Mixed Platforms.ActiveCfg = Debug|Win32
		{92DEEDA2-B5AC-4A2D-BB1D-5C1EDAE349A6}.Debug|Mixed Platforms.Build.0 = Debug|Win32
		{92DEEDA2-B5AC-4A2D-BB1D-5C1EDAE349A6}.Debug|Win32.ActiveCfg = Debug|Win32
		{92DEEDA2-B5AC-4A2D-BB1D-5C1EDAE349A6}.Debug|Win32.Build.0 = Debug|Win32
		{92DEEDA2-B5AC-4A2D-BB1D-5C1EDAE349A6}.Release|Any CPU.ActiveCfg = Release|Win32
		{92DEEDA2-B5AC-4A2D-BB1D-5C1EDAE349A6}.Release|Mixed Platforms.ActiveCfg = Release|Win32
		{92DEEDA2-B5AC-4A2D-BB1D-5C1EDAE349A6}.Release|Mixed Platforms.Build.0 = Release|Win32
		{92DEEDA2-B5AC-4A2D-BB1D-5C1EDAE349A6}.Release|Win32.ActiveCfg = Release|Win32
		{92DEEDA2-B5AC-4A2D-BB1D-5C1EDAE349A6}.Release|Win32.Build.0 = Release|Win32
		{21CF9FBA-07EE-4C00-A28F-EF003990BAE1}.Debug|Any CPU.ActiveCfg = Debug|Win32
		{21CF9FBA-07EE-4C00-A28F-EF003990BAE1}.Debug|Mixed Platforms.ActiveCfg = Debug|Win32
		{21CF9FBA-07EE-4C00-A28F-EF003990BAE1}.Debug|Mixed Platforms.Build.0 = Debug|Win32
		{21CF9FBA-07EE-4C00-A28F-EF003990BAE1}.Debug|Win32.ActiveCfg = Debug|Win32
		{21CF9FBA-07EE-4C00-A28F-EF003990BAE1}.Debug|Win32.Build.0 = Debug|Win32
		{21CF9FBA-07EE-4C00-A28F-EF003990BAE1}.Release|Any CPU.ActiveCfg = Release|Win32
		{21CF9FBA-07EE-4C00-A28F-EF003990BAE1}.Release|Mixed Platforms.ActiveCfg = Release|Win32
		{21CF9FBA-07EE-4C00-A28F-EF003990BAE1}.Release|Mixed Platforms.Build.0 = Release|Win32
		{21CF9FBA-07EE-4C00-A28F-EF003990BAE1}.Release|Win32.ActiveCfg = Release|Win32
		{21CF9FBA-07EE-4C00-A28F-EF003990BAE1}.Release|Win32.Build.0 = Release|Win32
		{6AB6AB8F-062F-4514-87F3-8B56C3DBA46F}.Debug|Any CPU.ActiveCfg = Debug|Win32
		{6AB6AB8F-062F-4514-87F3-8B56C3DBA46F}.Debug|Mixed Platforms.ActiveCfg = Debug|Win32
		{6AB6AB8F-062F-4514-87F3-8B56C3DBA46F}.Debug|Mixed Platforms.Build.0 = Debug|Win32
		{6AB6AB8F-062F-4514-87F3-8B56C3DBA46F}.Debug|Win32.ActiveCfg = Debug|Win32
		{6AB6AB8F-062F-4514-87F3-8B56C3DBA46F}.Debug|Win32.Build.0 = Debug|Win32
		{6AB6AB8F-062F-4514-87F3-8B56C3DBA46F}.Release|Any CPU.ActiveCfg = Release|Win32
		{6AB6AB8F-062F-4514-87F3-8B56C3DBA46F}.Release|Mixed Platforms.ActiveCfg = Release|Win32
		{6AB6AB8F-062F-4514-87F3-8B56C3DBA46F}.Release|Mixed Platforms.Build.0 = Release|Win32
		{6AB6AB8F-062F-4514-87F3-8B56C3DBA46F}.Release|Win32.ActiveCfg = Release|Win32
		{6AB6AB8F-062F-4514-87F3-8B56C3DBA46F}.Release|Win32.Build.0 = Release|Win32
		{3250D7B5-A5ED-4B27-AD44-84BC2A5CED6B}.Debug|Any CPU.ActiveCfg = Debug|Win32
		{3250D7B5-A5ED-4B27-AD44-84BC2A5CED6B}.Debug|Mixed Platforms.ActiveCfg = Debug|Win32
		{3250D7B5-A5ED-4B27-AD44-84BC2A5CED6B}.Debug|Mixed Platforms.Build.0 = Debug|Win32
		{3250D7B5-A5ED-4B27-AD44-84BC2A5CED6B}.Debug|Win32.ActiveCfg = Debug|Win32
		{3250D7B5-A5ED-4B27-AD44-84BC2A5CED6B}.Debug|Win32.Build.0 = Debug|Win32
		{3250D7B5-A5ED-4B27-AD44-84BC2A5CED6B}.Release|Any CPU.ActiveCfg = Release|Win32
		{3250D7B5-A5ED-4B27-AD44-84BC2A5CED6B}.Release|Mixed Platforms.ActiveCfg = Release|Win32
		{3250D7B5-A5ED-4B27-AD44-84BC2A5CED6B}.Release|Mixed Platforms.Build.0 = Release|Win32
		{3250D7B5-A5ED-4B27-AD44-84BC2A5CED6B}.Release|Win32.ActiveCfg = Release|Win32
		{3250D7B5-A5ED-4B27-AD44-84BC2A5CED6B}.Release|Win32.Build.0 = Release|Win32
		{C6F44E69-14E9-4A81-94A0-C89D98E11B68}.Debug|Any CPU.ActiveCfg = Debug|Win32
		{C6F44E69-14E9-4A81-94A0-C89D98E11B68}.Debug|Mixed Platforms.ActiveCfg = Debug|Win32
		{C6F44E69-14E9-4A81-94A0-C89D98E11B68}.Debug|Mixed Platforms.Build.0 = Debug|Win32
		{C6F44E69-14E9-4A81-94A0-C89D98E11B68}.Debug|Win32.ActiveCfg = Debug|Win32
		{C6F44E69-14E9-4A81-94A0-C89D98E11B68}.Debug|Win32.Build.0 = Debug|Win32
		{C6F44E69-14E9-4A81-94A0-C89D98E11B68}.Release|Any CPU.ActiveCfg = Release|Win32
		{C6F44E69-14E9-4A81-94A0-C89D98E11B68}.Release|Mixed Platforms.ActiveCfg = Release|Win32
		{C6F44E69-14E9-4A81-94A0-C89D98E11B68}.Release|Mixed Platforms.Build.0 = Release|Win32
		{C6F44E69-14E9-4A81-94A0-C89D98E11B68}.Release|Win32.ActiveCfg = Release|Win32
		{C6F44E69-14E9-4A81-94A0-C89D98E11B68}.Release|Win32.Build.0 = Release|Win32
		{FBEB7E59-3310-4328-B22D-B46D960FD571}.Debug|Any CPU.ActiveCfg = Debug|Win32
		{FBEB7E59-3310-4328-B22D-B46D960FD571}.Debug|Mixed Platforms.ActiveCfg = Debug|Win32
		{FBEB7E59-3310-4328-B22D-B46D960FD571}.Debug|Mixed Platforms.Build.0 = Debug|Win32
		{FBEB7E59-3310-4328-B22D-B46D960FD571}.Debug|Win32.ActiveCfg = Debug|Win32
		{FBEB7E59-3310-4328-B22D-B46D960FD571}.Debug|Win32.Build.0 = Debug|Win32
		{FBEB7E59-3310-4328-B22D-B46D960FD571}.Release|Any CPU.ActiveCfg = Release|Win32
		{FBEB7E59-3310-4328-B22D-B46D960FD571}.Release|Mixed Platforms.ActiveCfg = Release|Win32
		{FBEB7E59-3310-4328-B22D-B46D960FD571}.Release|Mixed Platforms.Build.0 = Release|Win32
		{FBEB7E59-3310-4328-B22D-B46D960FD571}.Release|Win32.ActiveCfg = Release|Win32
		{FBEB7E59-3310-4328-B22D-B46D960FD571}.Release|Win32.Build.0 = Release|Win32
		{1EBFBCA5-620A-46AF-BC6E-DA55739E4023}.Debug|Any CPU.ActiveCfg = Debug|Any CPU
		{1EBFBCA5-620A-46AF-BC6E-DA55739E4023}.Debug|Any CPU.Build.0 = Debug|Any CPU
		{1EBFBCA5-620A-46AF-BC6E-DA55739E4023}.Debug|Mixed Platforms.ActiveCfg = Debug|Any CPU
		{1EBFBCA5-620A-46AF-BC6E-DA55739E4023}.Debug|Mixed Platforms.Build.0 = Debug|Any CPU
		{1EBFBCA5-620A-46AF-BC6E-DA55739E4023}.Debug|Win32.ActiveCfg = Debug|Any CPU
		{1EBFBCA5-620A-46AF-BC6E-DA55739E4023}.Release|Any CPU.ActiveCfg = Release|Any CPU
		{1EBFBCA5-620A-46AF-BC6E-DA55739E4023}.Release|Any CPU.Build.0 = Release|Any CPU
		{1EBFBCA5-620A-46AF-BC6E-DA55739E4023}.Release|Mixed Platforms.ActiveCfg = Release|Any CPU
		{1EBFBCA5-620A-46AF-BC6E-DA55739E4023}.Release|Mixed Platforms.Build.0 = Release|Any CPU
		{1EBFBCA5-620A-46AF-BC6E-DA55739E4023}.Release|Win32.ActiveCfg = Release|Any CPU
		{5C013337-D98B-4378-9A7A-4AFFD437C01C}.Debug|Any CPU.ActiveCfg = Debug|Any CPU
		{5C013337-D98B-4378-9A7A-4AFFD437C01C}.Debug|Any CPU.Build.0 = Debug|Any CPU
		{5C013337-D98B-4378-9A7A-4AFFD437C01C}.Debug|Mixed Platforms.ActiveCfg = Debug|Any CPU
		{5C013337-D98B-4378-9A7A-4AFFD437C01C}.Debug|Mixed Platforms.Build.0 = Debug|Any CPU
		{5C013337-D98B-4378-9A7A-4AFFD437C01C}.Debug|Win32.ActiveCfg = Debug|Any CPU
		{5C013337-D98B-4378-9A7A-4AFFD437C01C}.Release|Any CPU.ActiveCfg = Release|Any CPU
		{5C013337-D98B-4378-9A7A-4AFFD437C01C}.Release|Any CPU.Build.0 = Release|Any CPU
		{5C013337-D98B-4378-9A7A-4AFFD437C01C}.Release|Mixed Platforms.ActiveCfg = Release|Any CPU
		{5C013337-D98B-4378-9A7A-4AFFD437C01C}.Release|Mixed Platforms.Build.0 = Release|Any CPU
		{5C013337-D98B-4378-9A7A-4AFFD437C01C}.Release|Win32.ActiveCfg = Release|Any CPU
	EndGlobalSection
	GlobalSection(SolutionProperties) = preSolution
		HideSolutionNode = FALSE
	EndGlobalSection
EndGlobal
